// !$*UTF8*$!
{
	archiveVersion = 1;
	classes = {
	};
	objectVersion = 77;
	objects = {

/* Begin PBXBuildFile section */
		D270ACC92F155C0600A760CB /* HENetworking in Frameworks */ = {isa = PBXBuildFile; productRef = D270ACC82F155C0600A760CB /* HENetworking */; };
		D270ACCB2F155C0A00A760CB /* HEUILibrary in Frameworks */ = {isa = PBXBuildFile; productRef = D270ACCA2F155C0A00A760CB /* HEUILibrary */; };
/* End PBXBuildFile section */

/* Begin PBXContainerItemProxy section */
		D270AC452F14681A00A760CB /* PBXContainerItemProxy */ = {
			isa = PBXContainerItemProxy;
			containerPortal = D270AC2F2F14681700A760CB /* Project object */;
			proxyType = 1;
			remoteGlobalIDString = D270AC362F14681700A760CB;
			remoteInfo = MediTrack;
		};
		D270AC4F2F14681A00A760CB /* PBXContainerItemProxy */ = {
			isa = PBXContainerItemProxy;
			containerPortal = D270AC2F2F14681700A760CB /* Project object */;
			proxyType = 1;
			remoteGlobalIDString = D270AC362F14681700A760CB;
			remoteInfo = MediTrack;
		};
/* End PBXContainerItemProxy section */

/* Begin PBXFileReference section */
		D270AC372F14681700A760CB /* MediTrack.app */ = {isa = PBXFileReference; explicitFileType = wrapper.application; includeInIndex = 0; path = MediTrack.app; sourceTree = BUILT_PRODUCTS_DIR; };
		D270AC442F14681A00A760CB /* MediTrackTests.xctest */ = {isa = PBXFileReference; explicitFileType = wrapper.cfbundle; includeInIndex = 0; path = MediTrackTests.xctest; sourceTree = BUILT_PRODUCTS_DIR; };
		D270AC4E2F14681A00A760CB /* MediTrackUITests.xctest */ = {isa = PBXFileReference; explicitFileType = wrapper.cfbundle; includeInIndex = 0; path = MediTrackUITests.xctest; sourceTree = BUILT_PRODUCTS_DIR; };
		D270ACB02F149EA000A760CB /* HEUILibrary */ = {isa = PBXFileReference; lastKnownFileType = wrapper; path = HEUILibrary; sourceTree = "<group>"; };
		D270ACB12F14AB3100A760CB /* HENetworking */ = {isa = PBXFileReference; lastKnownFileType = wrapper; path = HENetworking; sourceTree = "<group>"; };
/* End PBXFileReference section */

/* Begin PBXFileSystemSynchronizedRootGroup section */
		D270AC392F14681700A760CB /* MediTrack */ = {
			isa = PBXFileSystemSynchronizedRootGroup;
			path = MediTrack;
			sourceTree = "<group>";
		};
		D270AC472F14681A00A760CB /* MediTrackTests */ = {
			isa = PBXFileSystemSynchronizedRootGroup;
			path = MediTrackTests;
			sourceTree = "<group>";
		};
		D270AC512F14681A00A760CB /* MediTrackUITests */ = {
			isa = PBXFileSystemSynchronizedRootGroup;
			path = MediTrackUITests;
			sourceTree = "<group>";
		};
/* End PBXFileSystemSynchronizedRootGroup section */

/* Begin PBXFrameworksBuildPhase section */
		D270AC342F14681700A760CB /* Frameworks */ = {
			isa = PBXFrameworksBuildPhase;
			buildActionMask = 2147483647;
			files = (
				D270ACC92F155C0600A760CB /* HENetworking in Frameworks */,
				D270ACCB2F155C0A00A760CB /* HEUILibrary in Frameworks */,
			);
			runOnlyForDeploymentPostprocessing = 0;
		};
		D270AC412F14681A00A760CB /* Frameworks */ = {
			isa = PBXFrameworksBuildPhase;
			buildActionMask = 2147483647;
			files = (
			);
			runOnlyForDeploymentPostprocessing = 0;
		};
		D270AC4B2F14681A00A760CB /* Frameworks */ = {
			isa = PBXFrameworksBuildPhase;
			buildActionMask = 2147483647;
			files = (
			);
			runOnlyForDeploymentPostprocessing = 0;
		};
/* End PBXFrameworksBuildPhase section */

/* Begin PBXGroup section */
		D270AC2E2F14681700A760CB = {
			isa = PBXGroup;
			children = (
				D270ACB12F14AB3100A760CB /* HENetworking */,
				D270ACB02F149EA000A760CB /* HEUILibrary */,
				D270AC392F14681700A760CB /* MediTrack */,
				D270AC472F14681A00A760CB /* MediTrackTests */,
				D270AC512F14681A00A760CB /* MediTrackUITests */,
				D270ACC72F155C0600A760CB /* Frameworks */,
				D270AC382F14681700A760CB /* Products */,
			);
			sourceTree = "<group>";
		};
		D270AC382F14681700A760CB /* Products */ = {
			isa = PBXGroup;
			children = (
				D270AC372F14681700A760CB /* MediTrack.app */,
				D270AC442F14681A00A760CB /* MediTrackTests.xctest */,
				D270AC4E2F14681A00A760CB /* MediTrackUITests.xctest */,
			);
			name = Products;
			sourceTree = "<group>";
		};
		D270ACC72F155C0600A760CB /* Frameworks */ = {
			isa = PBXGroup;
			children = (
			);
			name = Frameworks;
			sourceTree = "<group>";
		};
/* End PBXGroup section */

/* Begin PBXNativeTarget section */
		D270AC362F14681700A760CB /* MediTrack */ = {
			isa = PBXNativeTarget;
			buildConfigurationList = D270AC582F14681A00A760CB /* Build configuration list for PBXNativeTarget "MediTrack" */;
			buildPhases = (
				D270AC332F14681700A760CB /* Sources */,
				D270AC342F14681700A760CB /* Frameworks */,
				D270AC352F14681700A760CB /* Resources */,
			);
			buildRules = (
			);
			dependencies = (
			);
			fileSystemSynchronizedGroups = (
				D270AC392F14681700A760CB /* MediTrack */,
			);
			name = MediTrack;
			packageProductDependencies = (
				D270ACC82F155C0600A760CB /* HENetworking */,
				D270ACCA2F155C0A00A760CB /* HEUILibrary */,
			);
			productName = MediTrack;
			productReference = D270AC372F14681700A760CB /* MediTrack.app */;
			productType = "com.apple.product-type.application";
		};
		D270AC432F14681A00A760CB /* MediTrackTests */ = {
			isa = PBXNativeTarget;
			buildConfigurationList = D270AC5B2F14681B00A760CB /* Build configuration list for PBXNativeTarget "MediTrackTests" */;
			buildPhases = (
				D270AC402F14681A00A760CB /* Sources */,
				D270AC412F14681A00A760CB /* Frameworks */,
				D270AC422F14681A00A760CB /* Resources */,
			);
			buildRules = (
			);
			dependencies = (
				D270AC462F14681A00A760CB /* PBXTargetDependency */,
			);
			fileSystemSynchronizedGroups = (
				D270AC472F14681A00A760CB /* MediTrackTests */,
			);
			name = MediTrackTests;
			packageProductDependencies = (
			);
			productName = MediTrackTests;
			productReference = D270AC442F14681A00A760CB /* MediTrackTests.xctest */;
			productType = "com.apple.product-type.bundle.unit-test";
		};
		D270AC4D2F14681A00A760CB /* MediTrackUITests */ = {
			isa = PBXNativeTarget;
			buildConfigurationList = D270AC5E2F14681B00A760CB /* Build configuration list for PBXNativeTarget "MediTrackUITests" */;
			buildPhases = (
				D270AC4A2F14681A00A760CB /* Sources */,
				D270AC4B2F14681A00A760CB /* Frameworks */,
				D270AC4C2F14681A00A760CB /* Resources */,
			);
			buildRules = (
			);
			dependencies = (
				D270AC502F14681A00A760CB /* PBXTargetDependency */,
			);
			fileSystemSynchronizedGroups = (
				D270AC512F14681A00A760CB /* MediTrackUITests */,
			);
			name = MediTrackUITests;
			packageProductDependencies = (
			);
			productName = MediTrackUITests;
			productReference = D270AC4E2F14681A00A760CB /* MediTrackUITests.xctest */;
			productType = "com.apple.product-type.bundle.ui-testing";
		};
/* End PBXNativeTarget section */

/* Begin PBXProject section */
		D270AC2F2F14681700A760CB /* Project object */ = {
			isa = PBXProject;
			attributes = {
				BuildIndependentTargetsInParallel = 1;
				LastSwiftUpdateCheck = 1640;
				LastUpgradeCheck = 1640;
				TargetAttributes = {
					D270AC362F14681700A760CB = {
						CreatedOnToolsVersion = 16.4;
					};
					D270AC432F14681A00A760CB = {
						CreatedOnToolsVersion = 16.4;
						TestTargetID = D270AC362F14681700A760CB;
					};
					D270AC4D2F14681A00A760CB = {
						CreatedOnToolsVersion = 16.4;
						TestTargetID = D270AC362F14681700A760CB;
					};
				};
			};
			buildConfigurationList = D270AC322F14681700A760CB /* Build configuration list for PBXProject "MediTrack" */;
			developmentRegion = en;
			hasScannedForEncodings = 0;
			knownRegions = (
				en,
				Base,
			);
			mainGroup = D270AC2E2F14681700A760CB;
			minimizedProjectReferenceProxies = 1;
			preferredProjectObjectVersion = 77;
			productRefGroup = D270AC382F14681700A760CB /* Products */;
			projectDirPath = "";
			projectRoot = "";
			targets = (
				D270AC362F14681700A760CB /* MediTrack */,
				D270AC432F14681A00A760CB /* MediTrackTests */,
				D270AC4D2F14681A00A760CB /* MediTrackUITests */,
			);
		};
/* End PBXProject section */

/* Begin PBXResourcesBuildPhase section */
		D270AC352F14681700A760CB /* Resources */ = {
			isa = PBXResourcesBuildPhase;
			buildActionMask = 2147483647;
			files = (
			);
			runOnlyForDeploymentPostprocessing = 0;
		};
		D270AC422F14681A00A760CB /* Resources */ = {
			isa = PBXResourcesBuildPhase;
			buildActionMask = 2147483647;
			files = (
			);
			runOnlyForDeploymentPostprocessing = 0;
		};
		D270AC4C2F14681A00A760CB /* Resources */ = {
			isa = PBXResourcesBuildPhase;
			buildActionMask = 2147483647;
			files = (
			);
			runOnlyForDeploymentPostprocessing = 0;
		};
/* End PBXResourcesBuildPhase section */

/* Begin PBXSourcesBuildPhase section */
		D270AC332F14681700A760CB /* Sources */ = {
			isa = PBXSourcesBuildPhase;
			buildActionMask = 2147483647;
			files = (
			);
			runOnlyForDeploymentPostprocessing = 0;
		};
		D270AC402F14681A00A760CB /* Sources */ = {
			isa = PBXSourcesBuildPhase;
			buildActionMask = 2147483647;
			files = (
			);
			runOnlyForDeploymentPostprocessing = 0;
		};
		D270AC4A2F14681A00A760CB /* Sources */ = {
			isa = PBXSourcesBuildPhase;
			buildActionMask = 2147483647;
			files = (
			);
			runOnlyForDeploymentPostprocessing = 0;
		};
/* End PBXSourcesBuildPhase section */

/* Begin PBXTargetDependency section */
		D270AC462F14681A00A760CB /* PBXTargetDependency */ = {
			isa = PBXTargetDependency;
			target = D270AC362F14681700A760CB /* MediTrack */;
			targetProxy = D270AC452F14681A00A760CB /* PBXContainerItemProxy */;
		};
		D270AC502F14681A00A760CB /* PBXTargetDependency */ = {
			isa = PBXTargetDependency;
			target = D270AC362F14681700A760CB /* MediTrack */;
			targetProxy = D270AC4F2F14681A00A760CB /* PBXContainerItemProxy */;
		};
/* End PBXTargetDependency section */

/* Begin XCBuildConfiguration section */
		D270AC562F14681A00A760CB /* Debug */ = {
			isa = XCBuildConfiguration;
			buildSettings = {
				ALWAYS_SEARCH_USER_PATHS = NO;
				ASSETCATALOG_COMPILER_GENERATE_SWIFT_ASSET_SYMBOL_EXTENSIONS = YES;
				CLANG_ANALYZER_NONNULL = YES;
				CLANG_ANALYZER_NUMBER_OBJECT_CONVERSION = YES_AGGRESSIVE;
				CLANG_CXX_LANGUAGE_STANDARD = "gnu++20";
				CLANG_ENABLE_MODULES = YES;
				CLANG_ENABLE_OBJC_ARC = YES;
				CLANG_ENABLE_OBJC_WEAK = YES;
				CLANG_WARN_BLOCK_CAPTURE_AUTORELEASING = YES;
				CLANG_WARN_BOOL_CONVERSION = YES;
				CLANG_WARN_COMMA = YES;
				CLANG_WARN_CONSTANT_CONVERSION = YES;
				CLANG_WARN_DEPRECATED_OBJC_IMPLEMENTATIONS = YES;
				CLANG_WARN_DIRECT_OBJC_ISA_USAGE = YES_ERROR;
				CLANG_WARN_DOCUMENTATION_COMMENTS = YES;
				CLANG_WARN_EMPTY_BODY = YES;
				CLANG_WARN_ENUM_CONVERSION = YES;
				CLANG_WARN_INFINITE_RECURSION = YES;
				CLANG_WARN_INT_CONVERSION = YES;
				CLANG_WARN_NON_LITERAL_NULL_CONVERSION = YES;
				CLANG_WARN_OBJC_IMPLICIT_RETAIN_SELF = YES;
				CLANG_WARN_OBJC_LITERAL_CONVERSION = YES;
				CLANG_WARN_OBJC_ROOT_CLASS = YES_ERROR;
				CLANG_WARN_QUOTED_INCLUDE_IN_FRAMEWORK_HEADER = YES;
				CLANG_WARN_RANGE_LOOP_ANALYSIS = YES;
				CLANG_WARN_STRICT_PROTOTYPES = YES;
				CLANG_WARN_SUSPICIOUS_MOVE = YES;
				CLANG_WARN_UNGUARDED_AVAILABILITY = YES_AGGRESSIVE;
				CLANG_WARN_UNREACHABLE_CODE = YES;
				CLANG_WARN__DUPLICATE_METHOD_MATCH = YES;
				COPY_PHASE_STRIP = NO;
				DEBUG_INFORMATION_FORMAT = dwarf;
				ENABLE_STRICT_OBJC_MSGSEND = YES;
				ENABLE_TESTABILITY = YES;
				ENABLE_USER_SCRIPT_SANDBOXING = YES;
				GCC_C_LANGUAGE_STANDARD = gnu17;
				GCC_DYNAMIC_NO_PIC = NO;
				GCC_NO_COMMON_BLOCKS = YES;
				GCC_OPTIMIZATION_LEVEL = 0;
				GCC_PREPROCESSOR_DEFINITIONS = (
					"DEBUG=1",
					"$(inherited)",
				);
				GCC_WARN_64_TO_32_BIT_CONVERSION = YES;
				GCC_WARN_ABOUT_RETURN_TYPE = YES_ERROR;
				GCC_WARN_UNDECLARED_SELECTOR = YES;
				GCC_WARN_UNINITIALIZED_AUTOS = YES_AGGRESSIVE;
				GCC_WARN_UNUSED_FUNCTION = YES;
				GCC_WARN_UNUSED_VARIABLE = YES;
				IPHONEOS_DEPLOYMENT_TARGET = 18.5;
				LOCALIZATION_PREFERS_STRING_CATALOGS = YES;
				MTL_ENABLE_DEBUG_INFO = INCLUDE_SOURCE;
				MTL_FAST_MATH = YES;
				ONLY_ACTIVE_ARCH = YES;
				SDKROOT = iphoneos;
				SWIFT_ACTIVE_COMPILATION_CONDITIONS = "DEBUG $(inherited)";
				SWIFT_OPTIMIZATION_LEVEL = "-Onone";
			};
			name = Debug;
		};
		D270AC572F14681A00A760CB /* Release */ = {
			isa = XCBuildConfiguration;
			buildSettings = {
				ALWAYS_SEARCH_USER_PATHS = NO;
				ASSETCATALOG_COMPILER_GENERATE_SWIFT_ASSET_SYMBOL_EXTENSIONS = YES;
				CLANG_ANALYZER_NONNULL = YES;
				CLANG_ANALYZER_NUMBER_OBJECT_CONVERSION = YES_AGGRESSIVE;
				CLANG_CXX_LANGUAGE_STANDARD = "gnu++20";
				CLANG_ENABLE_MODULES = YES;
				CLANG_ENABLE_OBJC_ARC = YES;
				CLANG_ENABLE_OBJC_WEAK = YES;
				CLANG_WARN_BLOCK_CAPTURE_AUTORELEASING = YES;
				CLANG_WARN_BOOL_CONVERSION = YES;
				CLANG_WARN_COMMA = YES;
				CLANG_WARN_CONSTANT_CONVERSION = YES;
				CLANG_WARN_DEPRECATED_OBJC_IMPLEMENTATIONS = YES;
				CLANG_WARN_DIRECT_OBJC_ISA_USAGE = YES_ERROR;
				CLANG_WARN_DOCUMENTATION_COMMENTS = YES;
				CLANG_WARN_EMPTY_BODY = YES;
				CLANG_WARN_ENUM_CONVERSION = YES;
				CLANG_WARN_INFINITE_RECURSION = YES;
				CLANG_WARN_INT_CONVERSION = YES;
				CLANG_WARN_NON_LITERAL_NULL_CONVERSION = YES;
				CLANG_WARN_OBJC_IMPLICIT_RETAIN_SELF = YES;
				CLANG_WARN_OBJC_LITERAL_CONVERSION = YES;
				CLANG_WARN_OBJC_ROOT_CLASS = YES_ERROR;
				CLANG_WARN_QUOTED_INCLUDE_IN_FRAMEWORK_HEADER = YES;
				CLANG_WARN_RANGE_LOOP_ANALYSIS = YES;
				CLANG_WARN_STRICT_PROTOTYPES = YES;
				CLANG_WARN_SUSPICIOUS_MOVE = YES;
				CLANG_WARN_UNGUARDED_AVAILABILITY = YES_AGGRESSIVE;
				CLANG_WARN_UNREACHABLE_CODE = YES;
				CLANG_WARN__DUPLICATE_METHOD_MATCH = YES;
				COPY_PHASE_STRIP = NO;
				DEBUG_INFORMATION_FORMAT = "dwarf-with-dsym";
				ENABLE_NS_ASSERTIONS = NO;
				ENABLE_STRICT_OBJC_MSGSEND = YES;
				ENABLE_USER_SCRIPT_SANDBOXING = YES;
				GCC_C_LANGUAGE_STANDARD = gnu17;
				GCC_NO_COMMON_BLOCKS = YES;
				GCC_WARN_64_TO_32_BIT_CONVERSION = YES;
				GCC_WARN_ABOUT_RETURN_TYPE = YES_ERROR;
				GCC_WARN_UNDECLARED_SELECTOR = YES;
				GCC_WARN_UNINITIALIZED_AUTOS = YES_AGGRESSIVE;
				GCC_WARN_UNUSED_FUNCTION = YES;
				GCC_WARN_UNUSED_VARIABLE = YES;
				IPHONEOS_DEPLOYMENT_TARGET = 18.5;
				LOCALIZATION_PREFERS_STRING_CATALOGS = YES;
				MTL_ENABLE_DEBUG_INFO = NO;
				MTL_FAST_MATH = YES;
				SDKROOT = iphoneos;
				SWIFT_COMPILATION_MODE = wholemodule;
				VALIDATE_PRODUCT = YES;
			};
			name = Release;
		};
		D270AC592F14681A00A760CB /* Debug */ = {
			isa = XCBuildConfiguration;
			buildSettings = {
				ASSETCATALOG_COMPILER_APPICON_NAME = AppIcon;
				ASSETCATALOG_COMPILER_GLOBAL_ACCENT_COLOR_NAME = AccentColor;
				CODE_SIGN_STYLE = Automatic;
				CURRENT_PROJECT_VERSION = 1;
				ENABLE_PREVIEWS = YES;
				GENERATE_INFOPLIST_FILE = YES;
				INFOPLIST_KEY_UIApplicationSceneManifest_Generation = YES;
				INFOPLIST_KEY_UIApplicationSupportsIndirectInputEvents = YES;
				INFOPLIST_KEY_UILaunchScreen_Generation = YES;
				INFOPLIST_KEY_UISupportedInterfaceOrientations_iPad = "UIInterfaceOrientationPortrait UIInterfaceOrientationPortraitUpsideDown UIInterfaceOrientationLandscapeLeft UIInterfaceOrientationLandscapeRight";
				INFOPLIST_KEY_UISupportedInterfaceOrientations_iPhone = "UIInterfaceOrientationPortrait UIInterfaceOrientationLandscapeLeft UIInterfaceOrientationLandscapeRight";
				LD_RUNPATH_SEARCH_PATHS = (
					"$(inherited)",
					"@executable_path/Frameworks",
				);
				MARKETING_VERSION = 1.0;
				PRODUCT_BUNDLE_IDENTIFIER = ganesh.MediTrack;
				PRODUCT_NAME = "$(TARGET_NAME)";
				SWIFT_EMIT_LOC_STRINGS = YES;
				SWIFT_VERSION = 5.0;
				TARGETED_DEVICE_FAMILY = "1,2";
			};
			name = Debug;
		};
		D270AC5A2F14681A00A760CB /* Release */ = {
			isa = XCBuildConfiguration;
			buildSettings = {
				ASSETCATALOG_COMPILER_APPICON_NAME = AppIcon;
				ASSETCATALOG_COMPILER_GLOBAL_ACCENT_COLOR_NAME = AccentColor;
				CODE_SIGN_STYLE = Automatic;
				CURRENT_PROJECT_VERSION = 1;
				ENABLE_PREVIEWS = YES;
				GENERATE_INFOPLIST_FILE = YES;
				INFOPLIST_KEY_UIApplicationSceneManifest_Generation = YES;
				INFOPLIST_KEY_UIApplicationSupportsIndirectInputEvents = YES;
				INFOPLIST_KEY_UILaunchScreen_Generation = YES;
				INFOPLIST_KEY_UISupportedInterfaceOrientations_iPad = "UIInterfaceOrientationPortrait UIInterfaceOrientationPortraitUpsideDown UIInterfaceOrientationLandscapeLeft UIInterfaceOrientationLandscapeRight";
				INFOPLIST_KEY_UISupportedInterfaceOrientations_iPhone = "UIInterfaceOrientationPortrait UIInterfaceOrientationLandscapeLeft UIInterfaceOrientationLandscapeRight";
				LD_RUNPATH_SEARCH_PATHS = (
					"$(inherited)",
					"@executable_path/Frameworks",
				);
				MARKETING_VERSION = 1.0;
				PRODUCT_BUNDLE_IDENTIFIER = ganesh.MediTrack;
				PRODUCT_NAME = "$(TARGET_NAME)";
				SWIFT_EMIT_LOC_STRINGS = YES;
				SWIFT_VERSION = 5.0;
				TARGETED_DEVICE_FAMILY = "1,2";
			};
			name = Release;
		};
		D270AC5C2F14681B00A760CB /* Debug */ = {
			isa = XCBuildConfiguration;
			buildSettings = {
				BUNDLE_LOADER = "$(TEST_HOST)";
				CODE_SIGN_STYLE = Automatic;
				CURRENT_PROJECT_VERSION = 1;
				GENERATE_INFOPLIST_FILE = YES;
				IPHONEOS_DEPLOYMENT_TARGET = 18.5;
				MARKETING_VERSION = 1.0;
				PRODUCT_BUNDLE_IDENTIFIER = ganesh.MediTrackTests;
				PRODUCT_NAME = "$(TARGET_NAME)";
				SWIFT_EMIT_LOC_STRINGS = NO;
				SWIFT_VERSION = 5.0;
				TARGETED_DEVICE_FAMILY = "1,2";
				TEST_HOST = "$(BUILT_PRODUCTS_DIR)/MediTrack.app/$(BUNDLE_EXECUTABLE_FOLDER_PATH)/MediTrack";
			};
			name = Debug;
		};
		D270AC5D2F14681B00A760CB /* Release */ = {
			isa = XCBuildConfiguration;
			buildSettings = {
				BUNDLE_LOADER = "$(TEST_HOST)";
				CODE_SIGN_STYLE = Automatic;
				CURRENT_PROJECT_VERSION = 1;
				GENERATE_INFOPLIST_FILE = YES;
				IPHONEOS_DEPLOYMENT_TARGET = 18.5;
				MARKETING_VERSION = 1.0;
				PRODUCT_BUNDLE_IDENTIFIER = ganesh.MediTrackTests;
				PRODUCT_NAME = "$(TARGET_NAME)";
				SWIFT_EMIT_LOC_STRINGS = NO;
				SWIFT_VERSION = 5.0;
				TARGETED_DEVICE_FAMILY = "1,2";
				TEST_HOST = "$(BUILT_PRODUCTS_DIR)/MediTrack.app/$(BUNDLE_EXECUTABLE_FOLDER_PATH)/MediTrack";
			};
			name = Release;
		};
		D270AC5F2F14681B00A760CB /* Debug */ = {
			isa = XCBuildConfiguration;
			buildSettings = {
				CODE_SIGN_STYLE = Automatic;
				CURRENT_PROJECT_VERSION = 1;
				GENERATE_INFOPLIST_FILE = YES;
				MARKETING_VERSION = 1.0;
				PRODUCT_BUNDLE_IDENTIFIER = ganesh.MediTrackUITests;
				PRODUCT_NAME = "$(TARGET_NAME)";
				SWIFT_EMIT_LOC_STRINGS = NO;
				SWIFT_VERSION = 5.0;
				TARGETED_DEVICE_FAMILY = "1,2";
				TEST_TARGET_NAME = MediTrack;
			};
			name = Debug;
		};
		D270AC602F14681B00A760CB /* Release */ = {
			isa = XCBuildConfiguration;
			buildSettings = {
				CODE_SIGN_STYLE = Automatic;
				CURRENT_PROJECT_VERSION = 1;
				GENERATE_INFOPLIST_FILE = YES;
				MARKETING_VERSION = 1.0;
				PRODUCT_BUNDLE_IDENTIFIER = ganesh.MediTrackUITests;
				PRODUCT_NAME = "$(TARGET_NAME)";
				SWIFT_EMIT_LOC_STRINGS = NO;
				SWIFT_VERSION = 5.0;
				TARGETED_DEVICE_FAMILY = "1,2";
				TEST_TARGET_NAME = MediTrack;
			};
			name = Release;
		};
/* End XCBuildConfiguration section */

/* Begin XCConfigurationList section */
		D270AC322F14681700A760CB /* Build configuration list for PBXProject "MediTrack" */ = {
			isa = XCConfigurationList;
			buildConfigurations = (
				D270AC562F14681A00A760CB /* Debug */,
				D270AC572F14681A00A760CB /* Release */,
			);
			defaultConfigurationIsVisible = 0;
			defaultConfigurationName = Release;
		};
		D270AC582F14681A00A760CB /* Build configuration list for PBXNativeTarget "MediTrack" */ = {
			isa = XCConfigurationList;
			buildConfigurations = (
				D270AC592F14681A00A760CB /* Debug */,
				D270AC5A2F14681A00A760CB /* Release */,
			);
			defaultConfigurationIsVisible = 0;
			defaultConfigurationName = Release;
		};
		D270AC5B2F14681B00A760CB /* Build configuration list for PBXNativeTarget "MediTrackTests" */ = {
			isa = XCConfigurationList;
			buildConfigurations = (
				D270AC5C2F14681B00A760CB /* Debug */,
				D270AC5D2F14681B00A760CB /* Release */,
			);
			defaultConfigurationIsVisible = 0;
			defaultConfigurationName = Release;
		};
		D270AC5E2F14681B00A760CB /* Build configuration list for PBXNativeTarget "MediTrackUITests" */ = {
			isa = XCConfigurationList;
			buildConfigurations = (
				D270AC5F2F14681B00A760CB /* Debug */,
				D270AC602F14681B00A760CB /* Release */,
			);
			defaultConfigurationIsVisible = 0;
			defaultConfigurationName = Release;
		};
/* End XCConfigurationList section */

/* Begin XCSwiftPackageProductDependency section */
		D270ACC82F155C0600A760CB /* HENetworking */ = {
			isa = XCSwiftPackageProductDependency;
			productName = HENetworking;
		};
		D270ACCA2F155C0A00A760CB /* HEUILibrary */ = {
			isa = XCSwiftPackageProductDependency;
			productName = HEUILibrary;
		};
/* End XCSwiftPackageProductDependency section */
	};
	rootObject = D270AC2F2F14681700A760CB /* Project object */;
}
